{
  "version": 4,
  "terraform_version": "1.7.3",
  "serial": 489,
  "lineage": "019fef09-4b5b-8c18-3607-56b7ea1b3afd",
  "outputs": {
    "lb_dns_name": {
      "value": "application-loadbalancer-1270225395.ca-central-1.elb.amazonaws.com",
      "type": "string"
    },
    "public_1_ip": {
      "value": "35.183.42.43",
      "type": "string"
    },
    "public_2_ip": {
      "value": "99.79.79.110",
      "type": "string"
    }
  },
  "resources": [
    {
      "mode": "data",
      "type": "aws_instances",
      "name": "production_instances",
      "provider": "provider[\"registry.terraform.io/hashicorp/aws\"]",
      "instances": [
        {
          "schema_version": 0,
          "attributes": {
            "filter": null,
            "id": "ca-central-1",
            "ids": [
              "i-058711e3f31d5e159",
              "i-0881daa8145ae5d58"
            ],
            "instance_state_names": null,
            "instance_tags": {
              "Name": "production-instance"
            },
            "ipv6_addresses": [],
            "private_ips": [
              "10.0.2.5",
              "10.0.3.60"
            ],
            "public_ips": [
              "35.183.42.43",
              "99.79.79.110"
            ],
            "timeouts": null
          },
          "sensitive_attributes": []
        }
      ]
    },
    {
      "mode": "managed",
      "type": "aws_db_instance",
      "name": "rds_master",
      "provider": "provider[\"registry.terraform.io/hashicorp/aws\"]",
      "instances": [
        {
          "schema_version": 1,
          "attributes": {
            "address": "master-rds-instance.c1usguomilju.ca-central-1.rds.amazonaws.com",
            "allocated_storage": 10,
            "allow_major_version_upgrade": null,
            "apply_immediately": false,
            "arn": "arn:aws:rds:ca-central-1:533266985417:db:master-rds-instance",
            "auto_minor_version_upgrade": true,
            "availability_zone": "ca-central-1b",
            "backup_retention_period": 7,
            "backup_window": "08:31-09:01",
            "blue_green_update": [],
            "ca_cert_identifier": "rds-ca-rsa2048-g1",
            "character_set_name": "",
            "copy_tags_to_snapshot": false,
            "custom_iam_instance_profile": "",
            "customer_owned_ip_enabled": false,
            "db_name": "wordpressdb",
            "db_subnet_group_name": "db subnet",
            "delete_automated_backups": true,
            "deletion_protection": false,
            "domain": "",
            "domain_iam_role_name": "",
            "enabled_cloudwatch_logs_exports": [],
            "endpoint": "master-rds-instance.c1usguomilju.ca-central-1.rds.amazonaws.com:3306",
            "engine": "mysql",
            "engine_version": "8.0.35",
            "engine_version_actual": "8.0.35",
            "final_snapshot_identifier": null,
            "hosted_zone_id": "Z1JG78A3UK1DU3",
            "iam_database_authentication_enabled": false,
            "id": "master-rds-instance",
            "identifier": "master-rds-instance",
            "identifier_prefix": "",
            "instance_class": "db.t3.micro",
            "iops": 0,
            "kms_key_id": "arn:aws:kms:ca-central-1:533266985417:key/737bf921-0b26-4d9a-afb4-729b748fc446",
            "latest_restorable_time": "2024-03-14T05:15:00Z",
            "license_model": "general-public-license",
            "listener_endpoint": [],
            "maintenance_window": "sat:09:13-sat:09:43",
            "manage_master_user_password": null,
            "master_user_secret": [],
            "master_user_secret_kms_key_id": null,
            "max_allocated_storage": 0,
            "monitoring_interval": 0,
            "monitoring_role_arn": "",
            "multi_az": false,
            "name": "wordpressdb",
            "nchar_character_set_name": "",
            "network_type": "IPV4",
            "option_group_name": "default:mysql-8-0",
            "parameter_group_name": "default.mysql8.0",
            "password": "Wordpress-AWS2Tier",
            "performance_insights_enabled": false,
            "performance_insights_kms_key_id": "",
            "performance_insights_retention_period": 0,
            "port": 3306,
            "publicly_accessible": false,
            "replica_mode": "",
            "replicas": [
              "replica-rds-instance"
            ],
            "replicate_source_db": "",
            "resource_id": "db-N2M74M7R5EV3WV5DVBBZ5HC7RY",
            "restore_to_point_in_time": [],
            "s3_import": [],
            "security_group_names": [],
            "skip_final_snapshot": true,
            "snapshot_identifier": null,
            "status": "available",
            "storage_encrypted": true,
            "storage_throughput": 0,
            "storage_type": "gp2",
            "tags": {
              "Name": "my-rds-master"
            },
            "tags_all": {
              "Name": "my-rds-master"
            },
            "timeouts": null,
            "timezone": "",
            "username": "admin",
            "vpc_security_group_ids": [
              "sg-0ae1d0cb79339b28a"
            ]
          },
          "sensitive_attributes": [],
          "private": "eyJlMmJmYjczMC1lY2FhLTExZTYtOGY4OC0zNDM2M2JjN2M0YzAiOnsiY3JlYXRlIjoyNDAwMDAwMDAwMDAwLCJkZWxldGUiOjM2MDAwMDAwMDAwMDAsInVwZGF0ZSI6NDgwMDAwMDAwMDAwMH0sInNjaGVtYV92ZXJzaW9uIjoiMSJ9",
          "dependencies": [
            "aws_db_subnet_group.database_subnet",
            "aws_security_group.database-sg",
            "aws_security_group.production-instance-sg",
            "aws_subnet.database_private_subnet",
            "aws_subnet.database_read_replica_private_subnet",
            "aws_vpc.infrastructure_vpc"
          ]
        }
      ]
    },
    {
      "mode": "managed",
      "type": "aws_db_instance",
      "name": "rds_replica",
      "provider": "provider[\"registry.terraform.io/hashicorp/aws\"]",
      "instances": [
        {
          "schema_version": 1,
          "attributes": {
            "address": "replica-rds-instance.c1usguomilju.ca-central-1.rds.amazonaws.com",
            "allocated_storage": 10,
            "allow_major_version_upgrade": null,
            "apply_immediately": false,
            "arn": "arn:aws:rds:ca-central-1:533266985417:db:replica-rds-instance",
            "auto_minor_version_upgrade": true,
            "availability_zone": "ca-central-1a",
            "backup_retention_period": 0,
            "backup_window": "08:31-09:01",
            "blue_green_update": [],
            "ca_cert_identifier": "rds-ca-rsa2048-g1",
            "character_set_name": "",
            "copy_tags_to_snapshot": false,
            "custom_iam_instance_profile": "",
            "customer_owned_ip_enabled": false,
            "db_name": "wordpressdb",
            "db_subnet_group_name": "db subnet",
            "delete_automated_backups": true,
            "deletion_protection": false,
            "domain": "",
            "domain_iam_role_name": "",
            "enabled_cloudwatch_logs_exports": [],
            "endpoint": "replica-rds-instance.c1usguomilju.ca-central-1.rds.amazonaws.com:3306",
            "engine": "mysql",
            "engine_version": "8.0.35",
            "engine_version_actual": "8.0.35",
            "final_snapshot_identifier": null,
            "hosted_zone_id": "Z1JG78A3UK1DU3",
            "iam_database_authentication_enabled": false,
            "id": "replica-rds-instance",
            "identifier": "replica-rds-instance",
            "identifier_prefix": "",
            "instance_class": "db.t3.micro",
            "iops": 0,
            "kms_key_id": "arn:aws:kms:ca-central-1:533266985417:key/737bf921-0b26-4d9a-afb4-729b748fc446",
            "latest_restorable_time": "",
            "license_model": "general-public-license",
            "listener_endpoint": [],
            "maintenance_window": "sat:09:13-sat:09:43",
            "manage_master_user_password": null,
            "master_user_secret": [],
            "master_user_secret_kms_key_id": null,
            "max_allocated_storage": 0,
            "monitoring_interval": 0,
            "monitoring_role_arn": "",
            "multi_az": false,
            "name": "wordpressdb",
            "nchar_character_set_name": "",
            "network_type": "IPV4",
            "option_group_name": "default:mysql-8-0",
            "parameter_group_name": "default.mysql8.0",
            "password": null,
            "performance_insights_enabled": false,
            "performance_insights_kms_key_id": "",
            "performance_insights_retention_period": 0,
            "port": 3306,
            "publicly_accessible": false,
            "replica_mode": "",
            "replicas": [],
            "replicate_source_db": "master-rds-instance",
            "resource_id": "db-QUOB2POUIQ5K46ZQ63BP2R7PF4",
            "restore_to_point_in_time": [],
            "s3_import": [],
            "security_group_names": [],
            "skip_final_snapshot": true,
            "snapshot_identifier": null,
            "status": "available",
            "storage_encrypted": true,
            "storage_throughput": 0,
            "storage_type": "gp2",
            "tags": {
              "Name": "my-rds-replica"
            },
            "tags_all": {
              "Name": "my-rds-replica"
            },
            "timeouts": null,
            "timezone": "",
            "username": "admin",
            "vpc_security_group_ids": [
              "sg-0ae1d0cb79339b28a"
            ]
          },
          "sensitive_attributes": [],
          "private": "eyJlMmJmYjczMC1lY2FhLTExZTYtOGY4OC0zNDM2M2JjN2M0YzAiOnsiY3JlYXRlIjoyNDAwMDAwMDAwMDAwLCJkZWxldGUiOjM2MDAwMDAwMDAwMDAsInVwZGF0ZSI6NDgwMDAwMDAwMDAwMH0sInNjaGVtYV92ZXJzaW9uIjoiMSJ9",
          "dependencies": [
            "aws_db_instance.rds_master",
            "aws_db_subnet_group.database_subnet",
            "aws_security_group.database-sg",
            "aws_security_group.production-instance-sg",
            "aws_subnet.database_private_subnet",
            "aws_subnet.database_read_replica_private_subnet",
            "aws_vpc.infrastructure_vpc"
          ]
        }
      ]
    },
    {
      "mode": "managed",
      "type": "aws_db_subnet_group",
      "name": "database_subnet",
      "provider": "provider[\"registry.terraform.io/hashicorp/aws\"]",
      "instances": [
        {
          "schema_version": 0,
          "attributes": {
            "arn": "arn:aws:rds:ca-central-1:533266985417:subgrp:db subnet",
            "description": "Managed by Terraform",
            "id": "db subnet",
            "name": "db subnet",
            "name_prefix": "",
            "subnet_ids": [
              "subnet-037129f281c889bc4",
              "subnet-09ac6cdf81b1dab26"
            ],
            "supported_network_types": [
              "IPV4"
            ],
            "tags": {},
            "tags_all": {},
            "vpc_id": "vpc-036542b7745f1b5be"
          },
          "sensitive_attributes": [],
          "private": "bnVsbA==",
          "dependencies": [
            "aws_subnet.database_private_subnet",
            "aws_subnet.database_read_replica_private_subnet",
            "aws_vpc.infrastructure_vpc"
          ]
        }
      ]
    },
    {
      "mode": "managed",
      "type": "aws_efs_file_system",
      "name": "efs_volume",
      "provider": "provider[\"registry.terraform.io/hashicorp/aws\"]",
      "instances": [
        {
          "schema_version": 0,
          "attributes": {
            "arn": "arn:aws:elasticfilesystem:ca-central-1:533266985417:file-system/fs-0b34a4a0684057592",
            "availability_zone_id": "",
            "availability_zone_name": "",
            "creation_token": "efs_volume",
            "dns_name": "fs-0b34a4a0684057592.efs.ca-central-1.amazonaws.com",
            "encrypted": false,
            "id": "fs-0b34a4a0684057592",
            "kms_key_id": "",
            "lifecycle_policy": [],
            "number_of_mount_targets": 2,
            "owner_id": "533266985417",
            "performance_mode": "generalPurpose",
            "provisioned_throughput_in_mibps": 0,
            "size_in_bytes": [
              {
                "value": 6144,
                "value_in_ia": 0,
                "value_in_standard": 6144
              }
            ],
            "tags": {},
            "tags_all": {},
            "throughput_mode": "bursting"
          },
          "sensitive_attributes": [],
          "private": "bnVsbA=="
        }
      ]
    },
    {
      "mode": "managed",
      "type": "aws_efs_mount_target",
      "name": "efs_mount_target_1",
      "provider": "provider[\"registry.terraform.io/hashicorp/aws\"]",
      "instances": [
        {
          "schema_version": 0,
          "attributes": {
            "availability_zone_id": "cac1-az1",
            "availability_zone_name": "ca-central-1a",
            "dns_name": "fs-0b34a4a0684057592.efs.ca-central-1.amazonaws.com",
            "file_system_arn": "arn:aws:elasticfilesystem:ca-central-1:533266985417:file-system/fs-0b34a4a0684057592",
            "file_system_id": "fs-0b34a4a0684057592",
            "id": "fsmt-00e6e4b23aa05c79d",
            "ip_address": "10.0.2.188",
            "mount_target_dns_name": "ca-central-1a.fs-0b34a4a0684057592.efs.ca-central-1.amazonaws.com",
            "network_interface_id": "eni-0ab03858c299f6b84",
            "owner_id": "533266985417",
            "security_groups": [
              "sg-05e916e983b8bc48e"
            ],
            "subnet_id": "subnet-070974ea3cde8f090",
            "timeouts": null
          },
          "sensitive_attributes": [],
          "private": "eyJlMmJmYjczMC1lY2FhLTExZTYtOGY4OC0zNDM2M2JjN2M0YzAiOnsiY3JlYXRlIjoxODAwMDAwMDAwMDAwLCJkZWxldGUiOjYwMDAwMDAwMDAwMH19",
          "dependencies": [
            "aws_efs_file_system.efs_volume",
            "aws_security_group.efs_sg",
            "aws_security_group.production-instance-sg",
            "aws_subnet.ec2_1_public_subnet",
            "aws_vpc.infrastructure_vpc"
          ]
        }
      ]
    },
    {
      "mode": "managed",
      "type": "aws_efs_mount_target",
      "name": "efs_mount_target_2",
      "provider": "provider[\"registry.terraform.io/hashicorp/aws\"]",
      "instances": [
        {
          "schema_version": 0,
          "attributes": {
            "availability_zone_id": "cac1-az2",
            "availability_zone_name": "ca-central-1b",
            "dns_name": "fs-0b34a4a0684057592.efs.ca-central-1.amazonaws.com",
            "file_system_arn": "arn:aws:elasticfilesystem:ca-central-1:533266985417:file-system/fs-0b34a4a0684057592",
            "file_system_id": "fs-0b34a4a0684057592",
            "id": "fsmt-047157351da21144a",
            "ip_address": "10.0.3.134",
            "mount_target_dns_name": "ca-central-1b.fs-0b34a4a0684057592.efs.ca-central-1.amazonaws.com",
            "network_interface_id": "eni-06d69bb33a355417e",
            "owner_id": "533266985417",
            "security_groups": [
              "sg-05e916e983b8bc48e"
            ],
            "subnet_id": "subnet-0c1f4c3f3788c15e8",
            "timeouts": null
          },
          "sensitive_attributes": [],
          "private": "eyJlMmJmYjczMC1lY2FhLTExZTYtOGY4OC0zNDM2M2JjN2M0YzAiOnsiY3JlYXRlIjoxODAwMDAwMDAwMDAwLCJkZWxldGUiOjYwMDAwMDAwMDAwMH19",
          "dependencies": [
            "aws_efs_file_system.efs_volume",
            "aws_security_group.efs_sg",
            "aws_security_group.production-instance-sg",
            "aws_subnet.ec2_2_public_subnet",
            "aws_vpc.infrastructure_vpc"
          ]
        }
      ]
    },
    {
      "mode": "managed",
      "type": "aws_instance",
      "name": "production_1_instance",
      "provider": "provider[\"registry.terraform.io/hashicorp/aws\"]",
      "instances": [
        {
          "schema_version": 1,
          "attributes": {
            "ami": "ami-0cbfa6bba4589dcbb",
            "arn": "arn:aws:ec2:ca-central-1:533266985417:instance/i-058711e3f31d5e159",
            "associate_public_ip_address": true,
            "availability_zone": "ca-central-1a",
            "capacity_reservation_specification": [
              {
                "capacity_reservation_preference": "open",
                "capacity_reservation_target": []
              }
            ],
            "cpu_core_count": 1,
            "cpu_threads_per_core": 1,
            "credit_specification": [
              {
                "cpu_credits": "standard"
              }
            ],
            "disable_api_stop": false,
            "disable_api_termination": false,
            "ebs_block_device": [],
            "ebs_optimized": false,
            "enclave_options": [
              {
                "enabled": false
              }
            ],
            "ephemeral_block_device": [],
            "get_password_data": false,
            "hibernation": false,
            "host_id": "",
            "host_resource_group_arn": null,
            "iam_instance_profile": "",
            "id": "i-058711e3f31d5e159",
            "instance_initiated_shutdown_behavior": "stop",
            "instance_state": "running",
            "instance_type": "t2.micro",
            "ipv6_address_count": 0,
            "ipv6_addresses": [],
            "key_name": "",
            "launch_template": [],
            "maintenance_options": [
              {
                "auto_recovery": "default"
              }
            ],
            "metadata_options": [
              {
                "http_endpoint": "enabled",
                "http_put_response_hop_limit": 1,
                "http_tokens": "optional",
                "instance_metadata_tags": "disabled"
              }
            ],
            "monitoring": false,
            "network_interface": [],
            "outpost_arn": "",
            "password_data": "",
            "placement_group": "",
            "placement_partition_number": 0,
            "primary_network_interface_id": "eni-07bc26d6cc8bfc823",
            "private_dns": "ip-10-0-2-5.ca-central-1.compute.internal",
            "private_dns_name_options": [
              {
                "enable_resource_name_dns_a_record": false,
                "enable_resource_name_dns_aaaa_record": false,
                "hostname_type": "ip-name"
              }
            ],
            "private_ip": "10.0.2.5",
            "public_dns": "ec2-35-183-42-43.ca-central-1.compute.amazonaws.com",
            "public_ip": "35.183.42.43",
            "root_block_device": [
              {
                "delete_on_termination": true,
                "device_name": "/dev/xvda",
                "encrypted": false,
                "iops": 100,
                "kms_key_id": "",
                "tags": {},
                "throughput": 0,
                "volume_id": "vol-053c3658258dab006",
                "volume_size": 8,
                "volume_type": "gp2"
              }
            ],
            "secondary_private_ips": [],
            "security_groups": [],
            "source_dest_check": true,
            "subnet_id": "subnet-070974ea3cde8f090",
            "tags": {
              "Name": "production-instance"
            },
            "tags_all": {
              "Name": "production-instance"
            },
            "tenancy": "default",
            "timeouts": null,
            "user_data": null,
            "user_data_base64": null,
            "user_data_replace_on_change": false,
            "volume_tags": null,
            "vpc_security_group_ids": [
              "sg-0e94c6a6c5aedff8a"
            ]
          },
          "sensitive_attributes": [],
          "private": "eyJlMmJmYjczMC1lY2FhLTExZTYtOGY4OC0zNDM2M2JjN2M0YzAiOnsiY3JlYXRlIjo2MDAwMDAwMDAwMDAsImRlbGV0ZSI6MTIwMDAwMDAwMDAwMCwidXBkYXRlIjo2MDAwMDAwMDAwMDB9LCJzY2hlbWFfdmVyc2lvbiI6IjEifQ==",
          "dependencies": [
            "aws_db_instance.rds_master",
            "aws_db_subnet_group.database_subnet",
            "aws_security_group.database-sg",
            "aws_security_group.production-instance-sg",
            "aws_subnet.database_private_subnet",
            "aws_subnet.database_read_replica_private_subnet",
            "aws_subnet.ec2_1_public_subnet",
            "aws_vpc.infrastructure_vpc"
          ]
        }
      ]
    },
    {
      "mode": "managed",
      "type": "aws_instance",
      "name": "production_2_instance",
      "provider": "provider[\"registry.terraform.io/hashicorp/aws\"]",
      "instances": [
        {
          "schema_version": 1,
          "attributes": {
            "ami": "ami-0cbfa6bba4589dcbb",
            "arn": "arn:aws:ec2:ca-central-1:533266985417:instance/i-0881daa8145ae5d58",
            "associate_public_ip_address": true,
            "availability_zone": "ca-central-1b",
            "capacity_reservation_specification": [
              {
                "capacity_reservation_preference": "open",
                "capacity_reservation_target": []
              }
            ],
            "cpu_core_count": 1,
            "cpu_threads_per_core": 1,
            "credit_specification": [
              {
                "cpu_credits": "standard"
              }
            ],
            "disable_api_stop": false,
            "disable_api_termination": false,
            "ebs_block_device": [],
            "ebs_optimized": false,
            "enclave_options": [
              {
                "enabled": false
              }
            ],
            "ephemeral_block_device": [],
            "get_password_data": false,
            "hibernation": false,
            "host_id": "",
            "host_resource_group_arn": null,
            "iam_instance_profile": "",
            "id": "i-0881daa8145ae5d58",
            "instance_initiated_shutdown_behavior": "stop",
            "instance_state": "running",
            "instance_type": "t2.micro",
            "ipv6_address_count": 0,
            "ipv6_addresses": [],
            "key_name": "",
            "launch_template": [],
            "maintenance_options": [
              {
                "auto_recovery": "default"
              }
            ],
            "metadata_options": [
              {
                "http_endpoint": "enabled",
                "http_put_response_hop_limit": 1,
                "http_tokens": "optional",
                "instance_metadata_tags": "disabled"
              }
            ],
            "monitoring": false,
            "network_interface": [],
            "outpost_arn": "",
            "password_data": "",
            "placement_group": "",
            "placement_partition_number": 0,
            "primary_network_interface_id": "eni-06e85c0a95599a852",
            "private_dns": "ip-10-0-3-60.ca-central-1.compute.internal",
            "private_dns_name_options": [
              {
                "enable_resource_name_dns_a_record": false,
                "enable_resource_name_dns_aaaa_record": false,
                "hostname_type": "ip-name"
              }
            ],
            "private_ip": "10.0.3.60",
            "public_dns": "ec2-99-79-79-110.ca-central-1.compute.amazonaws.com",
            "public_ip": "99.79.79.110",
            "root_block_device": [
              {
                "delete_on_termination": true,
                "device_name": "/dev/xvda",
                "encrypted": false,
                "iops": 100,
                "kms_key_id": "",
                "tags": {},
                "throughput": 0,
                "volume_id": "vol-007c5011a767428a8",
                "volume_size": 8,
                "volume_type": "gp2"
              }
            ],
            "secondary_private_ips": [],
            "security_groups": [],
            "source_dest_check": true,
            "subnet_id": "subnet-0c1f4c3f3788c15e8",
            "tags": {
              "Name": "production-instance"
            },
            "tags_all": {
              "Name": "production-instance"
            },
            "tenancy": "default",
            "timeouts": null,
            "user_data": null,
            "user_data_base64": null,
            "user_data_replace_on_change": false,
            "volume_tags": null,
            "vpc_security_group_ids": [
              "sg-0e94c6a6c5aedff8a"
            ]
          },
          "sensitive_attributes": [],
          "private": "eyJlMmJmYjczMC1lY2FhLTExZTYtOGY4OC0zNDM2M2JjN2M0YzAiOnsiY3JlYXRlIjo2MDAwMDAwMDAwMDAsImRlbGV0ZSI6MTIwMDAwMDAwMDAwMCwidXBkYXRlIjo2MDAwMDAwMDAwMDB9LCJzY2hlbWFfdmVyc2lvbiI6IjEifQ==",
          "dependencies": [
            "aws_db_instance.rds_master",
            "aws_db_subnet_group.database_subnet",
            "aws_security_group.database-sg",
            "aws_security_group.production-instance-sg",
            "aws_subnet.database_private_subnet",
            "aws_subnet.database_read_replica_private_subnet",
            "aws_subnet.ec2_2_public_subnet",
            "aws_vpc.infrastructure_vpc"
          ]
        }
      ]
    },
    {
      "mode": "managed",
      "type": "aws_internet_gateway",
      "name": "tier_architecture_igw",
      "provider": "provider[\"registry.terraform.io/hashicorp/aws\"]",
      "instances": [
        {
          "schema_version": 0,
          "attributes": {
            "arn": "arn:aws:ec2:ca-central-1:533266985417:internet-gateway/igw-06ed7393ec4f6f437",
            "id": "igw-06ed7393ec4f6f437",
            "owner_id": "533266985417",
            "tags": {
              "Name": "2-tier-architecture-igw"
            },
            "tags_all": {
              "Name": "2-tier-architecture-igw"
            },
            "timeouts": null,
            "vpc_id": "vpc-036542b7745f1b5be"
          },
          "sensitive_attributes": [],
          "private": "eyJlMmJmYjczMC1lY2FhLTExZTYtOGY4OC0zNDM2M2JjN2M0YzAiOnsiY3JlYXRlIjoxMjAwMDAwMDAwMDAwLCJkZWxldGUiOjEyMDAwMDAwMDAwMDAsInVwZGF0ZSI6MTIwMDAwMDAwMDAwMH19",
          "dependencies": [
            "aws_vpc.infrastructure_vpc"
          ]
        }
      ]
    },
    {
      "mode": "managed",
      "type": "aws_key_pair",
      "name": "aws_ec2_access_key",
      "provider": "provider[\"registry.terraform.io/hashicorp/aws\"]",
      "instances": [
        {
          "schema_version": 1,
          "attributes": {
            "arn": "arn:aws:ec2:ca-central-1:533266985417:key-pair/efs_key20240314035831368900000001",
            "fingerprint": "b8:df:69:1c:73:15:8e:84:37:ca:cb:c4:c8:54:67:10",
            "id": "efs_key20240314035831368900000001",
            "key_name": "efs_key20240314035831368900000001",
            "key_name_prefix": "efs_key",
            "key_pair_id": "key-0c4fd138d10f491f8",
            "key_type": "rsa",
            "public_key": "ssh-rsa AAAAB3NzaC1yc2EAAAADAQABAAACAQC/OFLqtnzjCfrJD/IYUd/ygBumgsHzMUYJZXva1COV4z8ojUoVVpRICurLaLxFJgaBhKZw/m01P2wDTvwrVTH0Cg6Yr50Oo44HrKtCOtVYg7R3XlfvWmOdz1sHi/E0/FmbBnoM/9lxXpVIp6dLRZyGzu95ZthDqwtsMF3OEDx0/V/2kgR+RsHpGOo0Uh3yk01iQN9vKexGuTqP4u3XOE+5MJDea9pEJLy/bXcDohnV3X4UK9HdqqHMkS0lO03i47xkoyU4jCuh4YYe0iZYhQdGCAeCLg2iy/d1/VdF4IYy1PPhbaeivlzgI5eWlA0nlG/hJ4bNsYR6e6p53kThU/MioCiebg2VvV5GTYw8UsI6iU79HM7Tk380VVsBWJLY/QjCdHfn9XPReNA376IZIQoiv6xavCYlZ2SFoLhXC0BUhC47y5eBxIdoGf3ZLaU00MjBBbAQN8px6dCCkl4iYqNbZUNsFS3Cl3tlPYVdZOhXvyV1GDfuiuTH7UuyuMyD3ib76PH/EmFHC3Yv1DLeB6Vz0EojWrymzFSTlVXzgzn9c40rUHemuOISxMZwVuKO4SweBDOF+yONKfVGJ7YxEiRgwmIl4sSL9/F1q0TbxSJaMIU900lqqm63OmrlgsT6qtNyQrlE2ifSROX+fz20O0k97hjcTSPY61FDz95hrp4q4Q==",
            "tags": {},
            "tags_all": {}
          },
          "sensitive_attributes": [],
          "private": "eyJzY2hlbWFfdmVyc2lvbiI6IjEifQ==",
          "dependencies": [
            "tls_private_key.ssh"
          ]
        }
      ]
    },
    {
      "mode": "managed",
      "type": "aws_lb",
      "name": "application_loadbalancer",
      "provider": "provider[\"registry.terraform.io/hashicorp/aws\"]",
      "instances": [
        {
          "schema_version": 0,
          "attributes": {
            "access_logs": [
              {
                "bucket": "",
                "enabled": false,
                "prefix": ""
              }
            ],
            "arn": "arn:aws:elasticloadbalancing:ca-central-1:533266985417:loadbalancer/app/application-loadbalancer/95fb90c0422e0e7f",
            "arn_suffix": "app/application-loadbalancer/95fb90c0422e0e7f",
            "customer_owned_ipv4_pool": "",
            "desync_mitigation_mode": "defensive",
            "dns_name": "application-loadbalancer-1270225395.ca-central-1.elb.amazonaws.com",
            "drop_invalid_header_fields": false,
            "enable_cross_zone_load_balancing": true,
            "enable_deletion_protection": false,
            "enable_http2": true,
            "enable_tls_version_and_cipher_suite_headers": false,
            "enable_waf_fail_open": false,
            "enable_xff_client_port": false,
            "id": "arn:aws:elasticloadbalancing:ca-central-1:533266985417:loadbalancer/app/application-loadbalancer/95fb90c0422e0e7f",
            "idle_timeout": 60,
            "internal": false,
            "ip_address_type": "ipv4",
            "load_balancer_type": "application",
            "name": "application-loadbalancer",
            "name_prefix": null,
            "preserve_host_header": false,
            "security_groups": [
              "sg-0e94c6a6c5aedff8a"
            ],
            "subnet_mapping": [
              {
                "allocation_id": "",
                "ipv6_address": "",
                "outpost_id": "",
                "private_ipv4_address": "",
                "subnet_id": "subnet-070974ea3cde8f090"
              },
              {
                "allocation_id": "",
                "ipv6_address": "",
                "outpost_id": "",
                "private_ipv4_address": "",
                "subnet_id": "subnet-0c1f4c3f3788c15e8"
              }
            ],
            "subnets": [
              "subnet-070974ea3cde8f090",
              "subnet-0c1f4c3f3788c15e8"
            ],
            "tags": {},
            "tags_all": {},
            "timeouts": null,
            "vpc_id": "vpc-036542b7745f1b5be",
            "xff_header_processing_mode": "append",
            "zone_id": "ZQSVJUPU6J1EY"
          },
          "sensitive_attributes": [],
          "private": "eyJlMmJmYjczMC1lY2FhLTExZTYtOGY4OC0zNDM2M2JjN2M0YzAiOnsiY3JlYXRlIjo2MDAwMDAwMDAwMDAsImRlbGV0ZSI6NjAwMDAwMDAwMDAwLCJ1cGRhdGUiOjYwMDAwMDAwMDAwMH19",
          "dependencies": [
            "aws_security_group.production-instance-sg",
            "aws_subnet.ec2_1_public_subnet",
            "aws_subnet.ec2_2_public_subnet",
            "aws_vpc.infrastructure_vpc"
          ]
        }
      ]
    },
    {
      "mode": "managed",
      "type": "aws_lb_listener",
      "name": "external-elb",
      "provider": "provider[\"registry.terraform.io/hashicorp/aws\"]",
      "instances": [
        {
          "schema_version": 0,
          "attributes": {
            "alpn_policy": null,
            "arn": "arn:aws:elasticloadbalancing:ca-central-1:533266985417:listener/app/application-loadbalancer/95fb90c0422e0e7f/e6292b28497ec7e0",
            "certificate_arn": null,
            "default_action": [
              {
                "authenticate_cognito": [],
                "authenticate_oidc": [],
                "fixed_response": [],
                "forward": [],
                "order": 1,
                "redirect": [],
                "target_group_arn": "arn:aws:elasticloadbalancing:ca-central-1:533266985417:targetgroup/target-group-alb/2f9db120d4bdc5d7",
                "type": "forward"
              }
            ],
            "id": "arn:aws:elasticloadbalancing:ca-central-1:533266985417:listener/app/application-loadbalancer/95fb90c0422e0e7f/e6292b28497ec7e0",
            "load_balancer_arn": "arn:aws:elasticloadbalancing:ca-central-1:533266985417:loadbalancer/app/application-loadbalancer/95fb90c0422e0e7f",
            "port": 80,
            "protocol": "HTTP",
            "ssl_policy": "",
            "tags": {},
            "tags_all": {},
            "timeouts": null
          },
          "sensitive_attributes": [],
          "private": "eyJlMmJmYjczMC1lY2FhLTExZTYtOGY4OC0zNDM2M2JjN2M0YzAiOnsicmVhZCI6NjAwMDAwMDAwMDAwfX0=",
          "dependencies": [
            "aws_lb.application_loadbalancer",
            "aws_lb_target_group.target_group_alb",
            "aws_security_group.production-instance-sg",
            "aws_subnet.ec2_1_public_subnet",
            "aws_subnet.ec2_2_public_subnet",
            "aws_vpc.infrastructure_vpc"
          ]
        }
      ]
    },
    {
      "mode": "managed",
      "type": "aws_lb_target_group",
      "name": "target_group_alb",
      "provider": "provider[\"registry.terraform.io/hashicorp/aws\"]",
      "instances": [
        {
          "schema_version": 0,
          "attributes": {
            "arn": "arn:aws:elasticloadbalancing:ca-central-1:533266985417:targetgroup/target-group-alb/2f9db120d4bdc5d7",
            "arn_suffix": "targetgroup/target-group-alb/2f9db120d4bdc5d7",
            "connection_termination": false,
            "deregistration_delay": "300",
            "health_check": [
              {
                "enabled": true,
                "healthy_threshold": 5,
                "interval": 30,
                "matcher": "200",
                "path": "/",
                "port": "traffic-port",
                "protocol": "HTTP",
                "timeout": 5,
                "unhealthy_threshold": 2
              }
            ],
            "id": "arn:aws:elasticloadbalancing:ca-central-1:533266985417:targetgroup/target-group-alb/2f9db120d4bdc5d7",
            "ip_address_type": "ipv4",
            "lambda_multi_value_headers_enabled": false,
            "load_balancing_algorithm_type": "round_robin",
            "load_balancing_cross_zone_enabled": "use_load_balancer_configuration",
            "name": "target-group-alb",
            "name_prefix": null,
            "port": 80,
            "preserve_client_ip": null,
            "protocol": "HTTP",
            "protocol_version": "HTTP1",
            "proxy_protocol_v2": false,
            "slow_start": 0,
            "stickiness": [
              {
                "cookie_duration": 86400,
                "cookie_name": "",
                "enabled": false,
                "type": "lb_cookie"
              }
            ],
            "tags": {},
            "tags_all": {},
            "target_failover": [
              {
                "on_deregistration": null,
                "on_unhealthy": null
              }
            ],
            "target_type": "instance",
            "vpc_id": "vpc-036542b7745f1b5be"
          },
          "sensitive_attributes": [],
          "private": "bnVsbA==",
          "dependencies": [
            "aws_vpc.infrastructure_vpc"
          ]
        }
      ]
    },
    {
      "mode": "managed",
      "type": "aws_lb_target_group_attachment",
      "name": "attachment1",
      "provider": "provider[\"registry.terraform.io/hashicorp/aws\"]",
      "instances": [
        {
          "schema_version": 0,
          "attributes": {
            "availability_zone": null,
            "id": "arn:aws:elasticloadbalancing:ca-central-1:533266985417:targetgroup/target-group-alb/2f9db120d4bdc5d7-20240314041228218500000004",
            "port": 80,
            "target_group_arn": "arn:aws:elasticloadbalancing:ca-central-1:533266985417:targetgroup/target-group-alb/2f9db120d4bdc5d7",
            "target_id": "i-058711e3f31d5e159"
          },
          "sensitive_attributes": [],
          "private": "bnVsbA==",
          "dependencies": [
            "aws_db_instance.rds_master",
            "aws_db_subnet_group.database_subnet",
            "aws_instance.production_1_instance",
            "aws_lb_target_group.target_group_alb",
            "aws_security_group.database-sg",
            "aws_security_group.production-instance-sg",
            "aws_subnet.database_private_subnet",
            "aws_subnet.database_read_replica_private_subnet",
            "aws_subnet.ec2_1_public_subnet",
            "aws_vpc.infrastructure_vpc"
          ]
        }
      ]
    },
    {
      "mode": "managed",
      "type": "aws_lb_target_group_attachment",
      "name": "attachment2",
      "provider": "provider[\"registry.terraform.io/hashicorp/aws\"]",
      "instances": [
        {
          "schema_version": 0,
          "attributes": {
            "availability_zone": null,
            "id": "arn:aws:elasticloadbalancing:ca-central-1:533266985417:targetgroup/target-group-alb/2f9db120d4bdc5d7-20240314041227830800000003",
            "port": 80,
            "target_group_arn": "arn:aws:elasticloadbalancing:ca-central-1:533266985417:targetgroup/target-group-alb/2f9db120d4bdc5d7",
            "target_id": "i-0881daa8145ae5d58"
          },
          "sensitive_attributes": [],
          "private": "bnVsbA==",
          "dependencies": [
            "aws_db_instance.rds_master",
            "aws_db_subnet_group.database_subnet",
            "aws_instance.production_2_instance",
            "aws_lb_target_group.target_group_alb",
            "aws_security_group.database-sg",
            "aws_security_group.production-instance-sg",
            "aws_subnet.database_private_subnet",
            "aws_subnet.database_read_replica_private_subnet",
            "aws_subnet.ec2_2_public_subnet",
            "aws_vpc.infrastructure_vpc"
          ]
        }
      ]
    },
    {
      "mode": "managed",
      "type": "aws_route_table",
      "name": "infrastructure_route_table",
      "provider": "provider[\"registry.terraform.io/hashicorp/aws\"]",
      "instances": [
        {
          "schema_version": 0,
          "attributes": {
            "arn": "arn:aws:ec2:ca-central-1:533266985417:route-table/rtb-02efade457ec95a4d",
            "id": "rtb-02efade457ec95a4d",
            "owner_id": "533266985417",
            "propagating_vgws": [],
            "route": [
              {
                "carrier_gateway_id": "",
                "cidr_block": "0.0.0.0/0",
                "core_network_arn": "",
                "destination_prefix_list_id": "",
                "egress_only_gateway_id": "",
                "gateway_id": "igw-06ed7393ec4f6f437",
                "instance_id": "",
                "ipv6_cidr_block": "",
                "local_gateway_id": "",
                "nat_gateway_id": "",
                "network_interface_id": "",
                "transit_gateway_id": "",
                "vpc_endpoint_id": "",
                "vpc_peering_connection_id": ""
              }
            ],
            "tags": {},
            "tags_all": {},
            "timeouts": null,
            "vpc_id": "vpc-036542b7745f1b5be"
          },
          "sensitive_attributes": [],
          "private": "eyJlMmJmYjczMC1lY2FhLTExZTYtOGY4OC0zNDM2M2JjN2M0YzAiOnsiY3JlYXRlIjozMDAwMDAwMDAwMDAsImRlbGV0ZSI6MzAwMDAwMDAwMDAwLCJ1cGRhdGUiOjEyMDAwMDAwMDAwMH19",
          "dependencies": [
            "aws_internet_gateway.tier_architecture_igw",
            "aws_vpc.infrastructure_vpc"
          ]
        }
      ]
    },
    {
      "mode": "managed",
      "type": "aws_route_table_association",
      "name": "route-ec2-1-subnet-to-igw",
      "provider": "provider[\"registry.terraform.io/hashicorp/aws\"]",
      "instances": [
        {
          "schema_version": 0,
          "attributes": {
            "gateway_id": "",
            "id": "rtbassoc-096272e267320507e",
            "route_table_id": "rtb-02efade457ec95a4d",
            "subnet_id": "subnet-070974ea3cde8f090",
            "timeouts": null
          },
          "sensitive_attributes": [],
          "private": "eyJlMmJmYjczMC1lY2FhLTExZTYtOGY4OC0zNDM2M2JjN2M0YzAiOnsiY3JlYXRlIjozMDAwMDAwMDAwMDAsImRlbGV0ZSI6MzAwMDAwMDAwMDAwLCJ1cGRhdGUiOjEyMDAwMDAwMDAwMH19",
          "dependencies": [
            "aws_internet_gateway.tier_architecture_igw",
            "aws_route_table.infrastructure_route_table",
            "aws_subnet.ec2_1_public_subnet",
            "aws_vpc.infrastructure_vpc"
          ]
        }
      ]
    },
    {
      "mode": "managed",
      "type": "aws_route_table_association",
      "name": "route-ec2-2-subnet-to-igw",
      "provider": "provider[\"registry.terraform.io/hashicorp/aws\"]",
      "instances": [
        {
          "schema_version": 0,
          "attributes": {
            "gateway_id": "",
            "id": "rtbassoc-004e08ab2bd32a0bb",
            "route_table_id": "rtb-02efade457ec95a4d",
            "subnet_id": "subnet-0c1f4c3f3788c15e8",
            "timeouts": null
          },
          "sensitive_attributes": [],
          "private": "eyJlMmJmYjczMC1lY2FhLTExZTYtOGY4OC0zNDM2M2JjN2M0YzAiOnsiY3JlYXRlIjozMDAwMDAwMDAwMDAsImRlbGV0ZSI6MzAwMDAwMDAwMDAwLCJ1cGRhdGUiOjEyMDAwMDAwMDAwMH19",
          "dependencies": [
            "aws_internet_gateway.tier_architecture_igw",
            "aws_route_table.infrastructure_route_table",
            "aws_subnet.ec2_2_public_subnet",
            "aws_vpc.infrastructure_vpc"
          ]
        }
      ]
    },
    {
      "mode": "managed",
      "type": "aws_security_group",
      "name": "database-sg",
      "provider": "provider[\"registry.terraform.io/hashicorp/aws\"]",
      "instances": [
        {
          "schema_version": 1,
          "attributes": {
            "arn": "arn:aws:ec2:ca-central-1:533266985417:security-group/sg-0ae1d0cb79339b28a",
            "description": "security  group for database to allow traffic on port 3306 and from ec2 production security group",
            "egress": [
              {
                "cidr_blocks": [
                  "0.0.0.0/0"
                ],
                "description": "",
                "from_port": 0,
                "ipv6_cidr_blocks": [],
                "prefix_list_ids": [],
                "protocol": "-1",
                "security_groups": [],
                "self": false,
                "to_port": 0
              }
            ],
            "id": "sg-0ae1d0cb79339b28a",
            "ingress": [
              {
                "cidr_blocks": [],
                "description": "Allow traffic from port 3306 and from ec2 production security group",
                "from_port": 3306,
                "ipv6_cidr_blocks": [],
                "prefix_list_ids": [],
                "protocol": "tcp",
                "security_groups": [
                  "sg-0e94c6a6c5aedff8a"
                ],
                "self": false,
                "to_port": 3306
              }
            ],
            "name": "database-sg",
            "name_prefix": "",
            "owner_id": "533266985417",
            "revoke_rules_on_delete": false,
            "tags": {},
            "tags_all": {},
            "timeouts": null,
            "vpc_id": "vpc-036542b7745f1b5be"
          },
          "sensitive_attributes": [],
          "private": "eyJlMmJmYjczMC1lY2FhLTExZTYtOGY4OC0zNDM2M2JjN2M0YzAiOnsiY3JlYXRlIjo2MDAwMDAwMDAwMDAsImRlbGV0ZSI6OTAwMDAwMDAwMDAwfSwic2NoZW1hX3ZlcnNpb24iOiIxIn0=",
          "dependencies": [
            "aws_security_group.production-instance-sg",
            "aws_vpc.infrastructure_vpc"
          ]
        }
      ]
    },
    {
      "mode": "managed",
      "type": "aws_security_group",
      "name": "efs_sg",
      "provider": "provider[\"registry.terraform.io/hashicorp/aws\"]",
      "instances": [
        {
          "schema_version": 1,
          "attributes": {
            "arn": "arn:aws:ec2:ca-central-1:533266985417:security-group/sg-05e916e983b8bc48e",
            "description": "Allow EFS PORT",
            "egress": [
              {
                "cidr_blocks": [
                  "0.0.0.0/0"
                ],
                "description": "",
                "from_port": 0,
                "ipv6_cidr_blocks": [],
                "prefix_list_ids": [],
                "protocol": "-1",
                "security_groups": [],
                "self": false,
                "to_port": 0
              }
            ],
            "id": "sg-05e916e983b8bc48e",
            "ingress": [
              {
                "cidr_blocks": [
                  "0.0.0.0/0"
                ],
                "description": "EFS mount target",
                "from_port": 2049,
                "ipv6_cidr_blocks": [],
                "prefix_list_ids": [],
                "protocol": "tcp",
                "security_groups": [
                  "sg-0e94c6a6c5aedff8a"
                ],
                "self": false,
                "to_port": 2049
              }
            ],
            "name": "efs security group",
            "name_prefix": "",
            "owner_id": "533266985417",
            "revoke_rules_on_delete": false,
            "tags": {},
            "tags_all": {},
            "timeouts": null,
            "vpc_id": "vpc-036542b7745f1b5be"
          },
          "sensitive_attributes": [],
          "private": "eyJlMmJmYjczMC1lY2FhLTExZTYtOGY4OC0zNDM2M2JjN2M0YzAiOnsiY3JlYXRlIjo2MDAwMDAwMDAwMDAsImRlbGV0ZSI6OTAwMDAwMDAwMDAwfSwic2NoZW1hX3ZlcnNpb24iOiIxIn0=",
          "dependencies": [
            "aws_security_group.production-instance-sg",
            "aws_vpc.infrastructure_vpc"
          ]
        }
      ]
    },
    {
      "mode": "managed",
      "type": "aws_security_group",
      "name": "production-instance-sg",
      "provider": "provider[\"registry.terraform.io/hashicorp/aws\"]",
      "instances": [
        {
          "schema_version": 1,
          "attributes": {
            "arn": "arn:aws:ec2:ca-central-1:533266985417:security-group/sg-0e94c6a6c5aedff8a",
            "description": "Security from who allow inbound traffic on port 22 and 9090",
            "egress": [
              {
                "cidr_blocks": [
                  "0.0.0.0/0"
                ],
                "description": "",
                "from_port": 0,
                "ipv6_cidr_blocks": [],
                "prefix_list_ids": [],
                "protocol": "-1",
                "security_groups": [],
                "self": false,
                "to_port": 0
              }
            ],
            "id": "sg-0e94c6a6c5aedff8a",
            "ingress": [
              {
                "cidr_blocks": [
                  "0.0.0.0/0"
                ],
                "description": null,
                "from_port": 22,
                "ipv6_cidr_blocks": [],
                "prefix_list_ids": [],
                "protocol": "tcp",
                "security_groups": [],
                "self": false,
                "to_port": 22
              },
              {
                "cidr_blocks": [
                  "0.0.0.0/0"
                ],
                "description": null,
                "from_port": 80,
                "ipv6_cidr_blocks": [],
                "prefix_list_ids": [],
                "protocol": "tcp",
                "security_groups": [],
                "self": false,
                "to_port": 80
              }
            ],
            "name": "production-instance-sg",
            "name_prefix": "",
            "owner_id": "533266985417",
            "revoke_rules_on_delete": false,
            "tags": {},
            "tags_all": {},
            "timeouts": null,
            "vpc_id": "vpc-036542b7745f1b5be"
          },
          "sensitive_attributes": [],
          "private": "eyJlMmJmYjczMC1lY2FhLTExZTYtOGY4OC0zNDM2M2JjN2M0YzAiOnsiY3JlYXRlIjo2MDAwMDAwMDAwMDAsImRlbGV0ZSI6OTAwMDAwMDAwMDAwfSwic2NoZW1hX3ZlcnNpb24iOiIxIn0=",
          "dependencies": [
            "aws_vpc.infrastructure_vpc"
          ]
        }
      ]
    },
    {
      "mode": "managed",
      "type": "aws_subnet",
      "name": "database_private_subnet",
      "provider": "provider[\"registry.terraform.io/hashicorp/aws\"]",
      "instances": [
        {
          "schema_version": 1,
          "attributes": {
            "arn": "arn:aws:ec2:ca-central-1:533266985417:subnet/subnet-037129f281c889bc4",
            "assign_ipv6_address_on_creation": false,
            "availability_zone": "ca-central-1b",
            "availability_zone_id": "cac1-az2",
            "cidr_block": "10.0.5.0/24",
            "customer_owned_ipv4_pool": "",
            "enable_dns64": false,
            "enable_lni_at_device_index": 0,
            "enable_resource_name_dns_a_record_on_launch": false,
            "enable_resource_name_dns_aaaa_record_on_launch": false,
            "id": "subnet-037129f281c889bc4",
            "ipv6_cidr_block": "",
            "ipv6_cidr_block_association_id": "",
            "ipv6_native": false,
            "map_customer_owned_ip_on_launch": false,
            "map_public_ip_on_launch": false,
            "outpost_arn": "",
            "owner_id": "533266985417",
            "private_dns_hostname_type_on_launch": "ip-name",
            "tags": {
              "Name": "database private subnet"
            },
            "tags_all": {
              "Name": "database private subnet"
            },
            "timeouts": null,
            "vpc_id": "vpc-036542b7745f1b5be"
          },
          "sensitive_attributes": [],
          "private": "eyJlMmJmYjczMC1lY2FhLTExZTYtOGY4OC0zNDM2M2JjN2M0YzAiOnsiY3JlYXRlIjo2MDAwMDAwMDAwMDAsImRlbGV0ZSI6MTIwMDAwMDAwMDAwMH0sInNjaGVtYV92ZXJzaW9uIjoiMSJ9",
          "dependencies": [
            "aws_vpc.infrastructure_vpc"
          ]
        }
      ]
    },
    {
      "mode": "managed",
      "type": "aws_subnet",
      "name": "database_read_replica_private_subnet",
      "provider": "provider[\"registry.terraform.io/hashicorp/aws\"]",
      "instances": [
        {
          "schema_version": 1,
          "attributes": {
            "arn": "arn:aws:ec2:ca-central-1:533266985417:subnet/subnet-09ac6cdf81b1dab26",
            "assign_ipv6_address_on_creation": false,
            "availability_zone": "ca-central-1a",
            "availability_zone_id": "cac1-az1",
            "cidr_block": "10.0.4.0/24",
            "customer_owned_ipv4_pool": "",
            "enable_dns64": false,
            "enable_lni_at_device_index": 0,
            "enable_resource_name_dns_a_record_on_launch": false,
            "enable_resource_name_dns_aaaa_record_on_launch": false,
            "id": "subnet-09ac6cdf81b1dab26",
            "ipv6_cidr_block": "",
            "ipv6_cidr_block_association_id": "",
            "ipv6_native": false,
            "map_customer_owned_ip_on_launch": false,
            "map_public_ip_on_launch": false,
            "outpost_arn": "",
            "owner_id": "533266985417",
            "private_dns_hostname_type_on_launch": "ip-name",
            "tags": {
              "Name": "database read replica private subnet"
            },
            "tags_all": {
              "Name": "database read replica private subnet"
            },
            "timeouts": null,
            "vpc_id": "vpc-036542b7745f1b5be"
          },
          "sensitive_attributes": [],
          "private": "eyJlMmJmYjczMC1lY2FhLTExZTYtOGY4OC0zNDM2M2JjN2M0YzAiOnsiY3JlYXRlIjo2MDAwMDAwMDAwMDAsImRlbGV0ZSI6MTIwMDAwMDAwMDAwMH0sInNjaGVtYV92ZXJzaW9uIjoiMSJ9",
          "dependencies": [
            "aws_vpc.infrastructure_vpc"
          ]
        }
      ]
    },
    {
      "mode": "managed",
      "type": "aws_subnet",
      "name": "ec2_1_public_subnet",
      "provider": "provider[\"registry.terraform.io/hashicorp/aws\"]",
      "instances": [
        {
          "schema_version": 1,
          "attributes": {
            "arn": "arn:aws:ec2:ca-central-1:533266985417:subnet/subnet-070974ea3cde8f090",
            "assign_ipv6_address_on_creation": false,
            "availability_zone": "ca-central-1a",
            "availability_zone_id": "cac1-az1",
            "cidr_block": "10.0.2.0/24",
            "customer_owned_ipv4_pool": "",
            "enable_dns64": false,
            "enable_lni_at_device_index": 0,
            "enable_resource_name_dns_a_record_on_launch": false,
            "enable_resource_name_dns_aaaa_record_on_launch": false,
            "id": "subnet-070974ea3cde8f090",
            "ipv6_cidr_block": "",
            "ipv6_cidr_block_association_id": "",
            "ipv6_native": false,
            "map_customer_owned_ip_on_launch": false,
            "map_public_ip_on_launch": true,
            "outpost_arn": "",
            "owner_id": "533266985417",
            "private_dns_hostname_type_on_launch": "ip-name",
            "tags": {
              "Name": "first ec2 public subnet"
            },
            "tags_all": {
              "Name": "first ec2 public subnet"
            },
            "timeouts": null,
            "vpc_id": "vpc-036542b7745f1b5be"
          },
          "sensitive_attributes": [],
          "private": "eyJlMmJmYjczMC1lY2FhLTExZTYtOGY4OC0zNDM2M2JjN2M0YzAiOnsiY3JlYXRlIjo2MDAwMDAwMDAwMDAsImRlbGV0ZSI6MTIwMDAwMDAwMDAwMH0sInNjaGVtYV92ZXJzaW9uIjoiMSJ9",
          "dependencies": [
            "aws_vpc.infrastructure_vpc"
          ]
        }
      ]
    },
    {
      "mode": "managed",
      "type": "aws_subnet",
      "name": "ec2_2_public_subnet",
      "provider": "provider[\"registry.terraform.io/hashicorp/aws\"]",
      "instances": [
        {
          "schema_version": 1,
          "attributes": {
            "arn": "arn:aws:ec2:ca-central-1:533266985417:subnet/subnet-0c1f4c3f3788c15e8",
            "assign_ipv6_address_on_creation": false,
            "availability_zone": "ca-central-1b",
            "availability_zone_id": "cac1-az2",
            "cidr_block": "10.0.3.0/24",
            "customer_owned_ipv4_pool": "",
            "enable_dns64": false,
            "enable_lni_at_device_index": 0,
            "enable_resource_name_dns_a_record_on_launch": false,
            "enable_resource_name_dns_aaaa_record_on_launch": false,
            "id": "subnet-0c1f4c3f3788c15e8",
            "ipv6_cidr_block": "",
            "ipv6_cidr_block_association_id": "",
            "ipv6_native": false,
            "map_customer_owned_ip_on_launch": false,
            "map_public_ip_on_launch": true,
            "outpost_arn": "",
            "owner_id": "533266985417",
            "private_dns_hostname_type_on_launch": "ip-name",
            "tags": {
              "Name": "second ec2 public subnet"
            },
            "tags_all": {
              "Name": "second ec2 public subnet"
            },
            "timeouts": null,
            "vpc_id": "vpc-036542b7745f1b5be"
          },
          "sensitive_attributes": [],
          "private": "eyJlMmJmYjczMC1lY2FhLTExZTYtOGY4OC0zNDM2M2JjN2M0YzAiOnsiY3JlYXRlIjo2MDAwMDAwMDAwMDAsImRlbGV0ZSI6MTIwMDAwMDAwMDAwMH0sInNjaGVtYV92ZXJzaW9uIjoiMSJ9",
          "dependencies": [
            "aws_vpc.infrastructure_vpc"
          ]
        }
      ]
    },
    {
      "mode": "managed",
      "type": "aws_vpc",
      "name": "infrastructure_vpc",
      "provider": "provider[\"registry.terraform.io/hashicorp/aws\"]",
      "instances": [
        {
          "schema_version": 1,
          "attributes": {
            "arn": "arn:aws:ec2:ca-central-1:533266985417:vpc/vpc-036542b7745f1b5be",
            "assign_generated_ipv6_cidr_block": false,
            "cidr_block": "10.0.0.0/16",
            "default_network_acl_id": "acl-06f1d00a1fea41be0",
            "default_route_table_id": "rtb-014c2bc2c071f56e4",
            "default_security_group_id": "sg-0e367519850f52a5b",
            "dhcp_options_id": "dopt-073e75da0a953ef16",
            "enable_classiclink": false,
            "enable_classiclink_dns_support": false,
            "enable_dns_hostnames": true,
            "enable_dns_support": true,
            "enable_network_address_usage_metrics": false,
            "id": "vpc-036542b7745f1b5be",
            "instance_tenancy": "default",
            "ipv4_ipam_pool_id": null,
            "ipv4_netmask_length": null,
            "ipv6_association_id": "",
            "ipv6_cidr_block": "",
            "ipv6_cidr_block_network_border_group": "",
            "ipv6_ipam_pool_id": "",
            "ipv6_netmask_length": 0,
            "main_route_table_id": "rtb-014c2bc2c071f56e4",
            "owner_id": "533266985417",
            "tags": {
              "Name": "2-tier-architecture-vpc"
            },
            "tags_all": {
              "Name": "2-tier-architecture-vpc"
            }
          },
          "sensitive_attributes": [],
          "private": "eyJzY2hlbWFfdmVyc2lvbiI6IjEifQ=="
        }
      ]
    },
    {
      "mode": "managed",
      "type": "local_file",
      "name": "private_key",
      "provider": "provider[\"registry.terraform.io/hashicorp/local\"]",
      "instances": [
        {
          "schema_version": 0,
          "attributes": {
            "content": "-----BEGIN RSA PRIVATE KEY-----\nMIIJKAIBAAKCAgEAvzhS6rZ84wn6yQ/yGFHf8oAbpoLB8zFGCWV72tQjleM/KI1K\nFVaUSArqy2i8RSYGgYSmcP5tNT9sA078K1Ux9AoOmK+dDqOOB6yrQjrVWIO0d15X\n71pjnc9bB4vxNPxZmwZ6DP/ZcV6VSKenS0Wchs7veWbYQ6sLbDBdzhA8dP1f9pIE\nfkbB6RjqNFId8pNNYkDfbynsRrk6j+Lt1zhPuTCQ3mvaRCS8v213A6IZ1d1+FCvR\n3aqhzJEtJTtN4uO8ZKMlOIwroeGGHtImWIUHRggHgi4Nosv3df1XReCGMtTz4W2n\nor5c4COXlpQNJ5Rv4SeGzbGEenuqed5E4VPzIqAonm4Nlb1eRk2MPFLCOolO/RzO\n05N/NFVbAViS2P0IwnR35/Vz0XjQN++iGSEKIr+sWrwmJWdkhaC4VwtAVIQuO8uX\ngcSHaBn92S2lNNDIwQWwEDfKcenQgpJeImKjW2VDbBUtwpd7ZT2FXWToV78ldRg3\n7orkx+1LsrjMg94m++jx/xJhRwt2L9Qy3gelc9BKI1q8psxUk5VV84M5/XONK1B3\nprjiEsTGcFbijuEsHgQzhfsjjSn1Rie2MRIkYMJiJeLEi/fxdatE28UiWjCFPdNJ\naqputzpq5YLE+qrTckK5RNon0kTl/n89tDtJPe4Y3E0j2OtRQ8/eYa6eKuECAwEA\nAQKCAgEAs20vaKwZnZSErNt4iFdzMwIAcArr4L2QgUqnoBtE1OVqIywIouMdukf8\nLye02ZGnsyp8XzRt1vQO7z/TIPoNKHezYJQQZGcV45+jBz9bZ3YWBZgSHTcMmEy0\nlu06RUSw8+Vs6vu71kQxAf7G3LuR93D/hkP5k+1Qh5EOxEe54vDJdf1nl/HfDFFj\nmfqfvTl4+EP1JEMLQQWXrOH72OIu9I9csEg1g5GRRnJ5pYAai/IM1vKTN1NgBSsI\nWJJAMDEPWsM3LstgOcL7bbo1XwRcYdsw6Hc8NlD7f8xbcucOJW5q9VFGZlAHqA3d\ntN5xRX1kSbokJKh4rdGSkk39Bg4W6fxTZjVMrQYGsFxgFHmswQMxcr5NSplrdk5y\n+E3/sN1uAaO8PXW9V1HG8zpjV+5suX7HW7p7XrXqkd/unvmLdchrxueKozGCjTy0\nkFZC4uQdnbouTMqo1AS/sroZDjgyVFzb0BHjGq261hpFhbhbr7R8O/Ang1lgyoLX\n20pwRE4YNjDr1qPkIPSej02WT9JKhlgoMAB7sHWBJlxv6HlRfNowXij83Fc7AVDL\nA+Bh19CNTEZUdnEIE1YSx+/Rbn77mpQCPbIGnzKLWvK7PL3ozCN1ngM3jbe1Vrya\nAKrHdGTdqXEJ9pKiFBfm4mEOlqBWVHHXtU0Zz5FKkep8vR1Lw80CggEBAOLaFc2e\nMcfFWPhffEqUDC6RYOkGusse6zyearAKz/11zVeLGEcuNy0mKibnMoIGzeY1si2v\n/NER40XGdXTsq2iYKMWnvcYv+eFKCMUN4FV2ByPqE6D+iBSiJwvCi9ZS9I6AQG7n\nWjXQ1MuscSVQcDLSE/uYG5xvklQyhyMwz/3rVpdTMCxLwmygIY+13QIShy/SD7RR\nnJCrxIxtZYhTsMyiAdbQrAaRUVUmC2ro4t+ju2Wtj9wgPLLKJTQFzMXbJU6zPMAA\nzjJi0aZkQQhCafsjLMULXyu/p1k11a1VH3FSUNulcAyK8kdlwODEF07WF9rWO4HY\nlGjMhitsTQXhzAMCggEBANfKL/yJV0SOmwTFGyShBF8VuSTh38fhZndvICO5rLOH\nuK4/5xjtX4S9wLsYFTFjOI9o2hzgFXDOIgJ9Fx4mND32If73L2A+ERqRVRDG8wGo\nu6w/BjbEdXwHW2wurQkGb7nbvY/S1Xa2QjXLWgix6x6GNQMduL4s7K53FNqApyX2\n2QwGMUY6Ze6rvnJbb77Bt6AnlNxbztogpMhddWr0IMSFNczZOX+PN99d5qVKK3td\naXPBHAKaVxAqE1DXc4uMwthE2komHFLpZAe3OQy0iQmNcDZ6nr/bzJ6NJgb71rGq\n3ej/OfB3ZJrdRMzkWACXHP/SpxoNXbdMw9lcuOl1IksCggEATaIMrB1jM9aZqAYl\nZvBbauRdoeGnszOVlV0xbaWFoFvcNgVn/ZQXVeAltMKSSmVBuXLO00vS3Umd2Zcd\nQzJrRpQr/9hz3Ys1nJ/VeHpTN2v47ZWBuirhLw5/BktBx8sD3nCNnGaYPKqG6FzP\nK9HnU70JEaTwbgzQqvfPv39I7sDHFWpmpgIXO01hruiyBa+JjBf7P95eEjR2Qwh9\nIrZhXuZicr1e4bCBgP5QEfo5Cgfibd2DyfVOUHFVYgRKG7vvfItiUuLzrdKbpLHS\nf50a39Md0yEdJL+l6aW+xl7HL+TXvxNS0TgLydtMsp7oyxYBe+as3rbbszGrCNk7\nUrP/OQKCAQBCmamT1MO1ahoYL8l/1Z5mxmqdIoWRyFR6ujZ+MDlIM7RhO2HVBLY9\nXt9UH0uzMX9sa50d2l9jsIs4n2j6KipnkUbOzXW2y5E11PMfOXgY4/4AXHdLgfkM\nrayeyA0pwu3KvDJWaGjvubLXrYp9MoRxqFRGQO8a6vyloCU0hw6Png9BMcwVc8Kw\nFhuyadwkUN+es3izRjaihf61xHqP5wcSAFcpgUXIw+gnrXCZRToEWkFIs6o0d3Q1\njfbmNYj44hnk6+M/jWGiiVwRMZCPBk1hQGEIv3Gtn2YY7VF2SFXsAeN5nQRB3meT\nkIVCg5tRm1Ic9uQSG1v4Td4IgSClFTzfAoIBABi1xVU5QyBorLDG1LCbiX40uH1N\n2hU6EMSERpcOFImCg6KTsLTBimfB36M6tT6i/PKy+7TPcYgd7hsShIqbtqhHLh6t\nI0S+FnfWdXFKQUzsiqDTtdYHzLQs7PLBQPZ4X/Yw0Px9+5Abkj+sW5hNzuQFETLG\nySlTE1NIy4iIIWWWceFGM1ebbZhGvMrIlcTmTyT339C6I3NthMxaClsUJospnIUF\njSIQNcB4LdU5GC5ZVZnFuYVafSEE5jxtqRGRuaDyqpnD9OeNcq89rSc0c/kh44qS\nqmbbt/IaEKwYPST1+VXDwg4Y/kMlOcOOdi6gfTHLdnra6/IT+i3QJGCvnSY=\n-----END RSA PRIVATE KEY-----\n",
            "content_base64": null,
            "content_base64sha256": "02+a631Bu+NgC4CAxM21ZFlfQDy6C5nal09BxaWRvb4=",
            "content_base64sha512": "9G4y3finnB3UKLB2ayZlzzc+yLVjNIoy6gmu7yhLLOR4qOY4iMN7vKhrY0TvX+Jhzaa6VTRwEasL5qZMc00Flg==",
            "content_md5": "d492fc61b9f85a8482972fceab79efc2",
            "content_sha1": "3a9fb452e33e125b2dcdd79306a115ca473a0531",
            "content_sha256": "d36f9aeb7d41bbe3600b8080c4cdb564595f403cba0b99da974f41c5a591bdbe",
            "content_sha512": "f46e32ddf8a79c1dd428b0766b2665cf373ec8b563348a32ea09aeef284b2ce478a8e63888c37bbca86b6344ef5fe261cda6ba55347011ab0be6a64c734d0596",
            "directory_permission": "0777",
            "file_permission": "0777",
            "filename": "aws_access_key.pem",
            "id": "3a9fb452e33e125b2dcdd79306a115ca473a0531",
            "sensitive_content": null,
            "source": null
          },
          "sensitive_attributes": [
            [
              {
                "type": "get_attr",
                "value": "content"
              }
            ]
          ],
          "dependencies": [
            "tls_private_key.ssh"
          ]
        }
      ]
    },
    {
      "mode": "managed",
      "type": "null_resource",
      "name": "install_script",
      "provider": "provider[\"registry.terraform.io/hashicorp/null\"]",
      "instances": [
        {
          "index_key": 0,
          "status": "tainted",
          "schema_version": 0,
          "attributes": {
            "id": "1102449928",
            "triggers": null
          },
          "sensitive_attributes": [],
          "dependencies": [
            "aws_db_instance.rds_master",
            "aws_db_subnet_group.database_subnet",
            "aws_efs_file_system.efs_volume",
            "aws_efs_mount_target.efs_mount_target_1",
            "aws_efs_mount_target.efs_mount_target_2",
            "aws_instance.production_1_instance",
            "aws_instance.production_2_instance",
            "aws_security_group.database-sg",
            "aws_security_group.efs_sg",
            "aws_security_group.production-instance-sg",
            "aws_subnet.database_private_subnet",
            "aws_subnet.database_read_replica_private_subnet",
            "aws_subnet.ec2_1_public_subnet",
            "aws_subnet.ec2_2_public_subnet",
            "aws_vpc.infrastructure_vpc",
            "data.aws_instances.production_instances",
            "local_file.private_key",
            "tls_private_key.ssh"
          ]
        },
        {
          "index_key": 1,
          "status": "tainted",
          "schema_version": 0,
          "attributes": {
            "id": "1750468155",
            "triggers": null
          },
          "sensitive_attributes": [],
          "dependencies": [
            "aws_db_instance.rds_master",
            "aws_db_subnet_group.database_subnet",
            "aws_efs_file_system.efs_volume",
            "aws_efs_mount_target.efs_mount_target_1",
            "aws_efs_mount_target.efs_mount_target_2",
            "aws_instance.production_1_instance",
            "aws_instance.production_2_instance",
            "aws_security_group.database-sg",
            "aws_security_group.efs_sg",
            "aws_security_group.production-instance-sg",
            "aws_subnet.database_private_subnet",
            "aws_subnet.database_read_replica_private_subnet",
            "aws_subnet.ec2_1_public_subnet",
            "aws_subnet.ec2_2_public_subnet",
            "aws_vpc.infrastructure_vpc",
            "data.aws_instances.production_instances",
            "local_file.private_key",
            "tls_private_key.ssh"
          ]
        }
      ]
    },
    {
      "mode": "managed",
      "type": "tls_private_key",
      "name": "ssh",
      "provider": "provider[\"registry.terraform.io/hashicorp/tls\"]",
      "instances": [
        {
          "schema_version": 1,
          "attributes": {
            "algorithm": "RSA",
            "ecdsa_curve": "P224",
            "id": "fd309c9a3487f7ef2a460df286e5086a28e316ac",
            "private_key_openssh": "-----BEGIN OPENSSH PRIVATE KEY-----\nb3BlbnNzaC1rZXktdjEAAAAABG5vbmUAAAAEbm9uZQAAAAAAAAABAAACFwAAAAdz\nc2gtcnNhAAAAAwEAAQAAAgEAvzhS6rZ84wn6yQ/yGFHf8oAbpoLB8zFGCWV72tQj\nleM/KI1KFVaUSArqy2i8RSYGgYSmcP5tNT9sA078K1Ux9AoOmK+dDqOOB6yrQjrV\nWIO0d15X71pjnc9bB4vxNPxZmwZ6DP/ZcV6VSKenS0Wchs7veWbYQ6sLbDBdzhA8\ndP1f9pIEfkbB6RjqNFId8pNNYkDfbynsRrk6j+Lt1zhPuTCQ3mvaRCS8v213A6IZ\n1d1+FCvR3aqhzJEtJTtN4uO8ZKMlOIwroeGGHtImWIUHRggHgi4Nosv3df1XReCG\nMtTz4W2nor5c4COXlpQNJ5Rv4SeGzbGEenuqed5E4VPzIqAonm4Nlb1eRk2MPFLC\nOolO/RzO05N/NFVbAViS2P0IwnR35/Vz0XjQN++iGSEKIr+sWrwmJWdkhaC4VwtA\nVIQuO8uXgcSHaBn92S2lNNDIwQWwEDfKcenQgpJeImKjW2VDbBUtwpd7ZT2FXWTo\nV78ldRg37orkx+1LsrjMg94m++jx/xJhRwt2L9Qy3gelc9BKI1q8psxUk5VV84M5\n/XONK1B3prjiEsTGcFbijuEsHgQzhfsjjSn1Rie2MRIkYMJiJeLEi/fxdatE28Ui\nWjCFPdNJaqputzpq5YLE+qrTckK5RNon0kTl/n89tDtJPe4Y3E0j2OtRQ8/eYa6e\nKuEAAAc4DgoNBA4KDQQAAAAHc3NoLXJzYQAAAgEAvzhS6rZ84wn6yQ/yGFHf8oAb\npoLB8zFGCWV72tQjleM/KI1KFVaUSArqy2i8RSYGgYSmcP5tNT9sA078K1Ux9AoO\nmK+dDqOOB6yrQjrVWIO0d15X71pjnc9bB4vxNPxZmwZ6DP/ZcV6VSKenS0Wchs7v\neWbYQ6sLbDBdzhA8dP1f9pIEfkbB6RjqNFId8pNNYkDfbynsRrk6j+Lt1zhPuTCQ\n3mvaRCS8v213A6IZ1d1+FCvR3aqhzJEtJTtN4uO8ZKMlOIwroeGGHtImWIUHRggH\ngi4Nosv3df1XReCGMtTz4W2nor5c4COXlpQNJ5Rv4SeGzbGEenuqed5E4VPzIqAo\nnm4Nlb1eRk2MPFLCOolO/RzO05N/NFVbAViS2P0IwnR35/Vz0XjQN++iGSEKIr+s\nWrwmJWdkhaC4VwtAVIQuO8uXgcSHaBn92S2lNNDIwQWwEDfKcenQgpJeImKjW2VD\nbBUtwpd7ZT2FXWToV78ldRg37orkx+1LsrjMg94m++jx/xJhRwt2L9Qy3gelc9BK\nI1q8psxUk5VV84M5/XONK1B3prjiEsTGcFbijuEsHgQzhfsjjSn1Rie2MRIkYMJi\nJeLEi/fxdatE28UiWjCFPdNJaqputzpq5YLE+qrTckK5RNon0kTl/n89tDtJPe4Y\n3E0j2OtRQ8/eYa6eKuEAAAADAQABAAACAQCzbS9orBmdlISs23iIV3MzAgBwCuvg\nvZCBSqegG0TU5WojLAii4x26R/wvJ7TZkaezKnxfNG3W9A7vP9Mg+g0od7NglBBk\nZxXjn6MHP1tndhYFmBIdNwyYTLSW7TpFRLDz5Wzq+7vWRDEB/sbcu5H3cP+GQ/mT\n7VCHkQ7ER7ni8Ml1/WeX8d8MUWOZ+p+9OXj4Q/UkQwtBBZes4fvY4i70j1ywSDWD\nkZFGcnmlgBqL8gzW8pM3U2AFKwhYkkAwMQ9awzcuy2A5wvttujVfBFxh2zDodzw2\nUPt/zFty5w4lbmr1UUZmUAeoDd203nFFfWRJuiQkqHit0ZKSTf0GDhbp/FNmNUyt\nBgawXGAUeazBAzFyvk1KmWt2TnL4Tf+w3W4Bo7w9db1XUcbzOmNX7my5fsdbunte\nteqR3+6e+Yt1yGvG54qjMYKNPLSQVkLi5B2dui5MyqjUBL+yuhkOODJUXNvQEeMa\nrbrWGkWFuFuvtHw78CeDWWDKgtfbSnBEThg2MOvWo+Qg9J6PTZZP0kqGWCgwAHuw\ndYEmXG/oeVF82jBeKPzcVzsBUMsD4GHX0I1MRlR2cQgTVhLH79FufvualAI9sgaf\nMota8rs8vejMI3WeAzeNt7VWvJoAqsd0ZN2pcQn2kqIUF+biYQ6WoFZUcde1TRnP\nkUqR6ny9HUvDzQAAAQAYtcVVOUMgaKywxtSwm4l+NLh9TdoVOhDEhEaXDhSJgoOi\nk7C0wYpnwd+jOrU+ovzysvu0z3GIHe4bEoSKm7aoRy4erSNEvhZ31nVxSkFM7Iqg\n07XWB8y0LOzywUD2eF/2MND8ffuQG5I/rFuYTc7kBREyxskpUxNTSMuIiCFllnHh\nRjNXm22YRrzKyJXE5k8k99/QuiNzbYTMWgpbFCaLKZyFBY0iEDXAeC3VORguWVWZ\nxbmFWn0hBOY8bakRkbmg8qqZw/TnjXKvPa0nNHP5IeOKkqpm27fyGhCsGD0k9flV\nw8IOGP5DJTnDjnYuoH0xy3Z62uvyE/ot0CRgr50mAAABAQDi2hXNnjHHxVj4X3xK\nlAwukWDpBrrLHus8nmqwCs/9dc1XixhHLjctJiom5zKCBs3mNbItr/zREeNFxnV0\n7KtomCjFp73GL/nhSgjFDeBVdgcj6hOg/ogUoicLwovWUvSOgEBu51o10NTLrHEl\nUHAy0hP7mBucb5JUMocjMM/961aXUzAsS8JsoCGPtd0CEocv0g+0UZyQq8SMbWWI\nU7DMogHW0KwGkVFVJgtq6OLfo7tlrY/cIDyyyiU0BczF2yVOszzAAM4yYtGmZEEI\nQmn7IyzFC18rv6dZNdWtVR9xUlDbpXAMivJHZcDgxBdO1hfa1juB2JRozIYrbE0F\n4cwDAAABAQDXyi/8iVdEjpsExRskoQRfFbkk4d/H4WZ3byAjuayzh7iuP+cY7V+E\nvcC7GBUxYziPaNoc4BVwziICfRceJjQ99iH+9y9gPhEakVUQxvMBqLusPwY2xHV8\nB1tsLq0JBm+5272P0tV2tkI1y1oIsesehjUDHbi+LOyudxTagKcl9tkMBjFGOmXu\nq75yW2++wbegJ5TcW87aIKTIXXVq9CDEhTXM2Tl/jzffXealSit7XWlzwRwCmlcQ\nKhNQ13OLjMLYRNpKJhxS6WQHtzkMtIkJjXA2ep6/28yejSYG+9axqt3o/znwd2Sa\n3UTM5FgAlxz/0qcaDV23TMPZXLjpdSJLAAAAAAEC\n-----END OPENSSH PRIVATE KEY-----\n",
            "private_key_pem": "-----BEGIN RSA PRIVATE KEY-----\nMIIJKAIBAAKCAgEAvzhS6rZ84wn6yQ/yGFHf8oAbpoLB8zFGCWV72tQjleM/KI1K\nFVaUSArqy2i8RSYGgYSmcP5tNT9sA078K1Ux9AoOmK+dDqOOB6yrQjrVWIO0d15X\n71pjnc9bB4vxNPxZmwZ6DP/ZcV6VSKenS0Wchs7veWbYQ6sLbDBdzhA8dP1f9pIE\nfkbB6RjqNFId8pNNYkDfbynsRrk6j+Lt1zhPuTCQ3mvaRCS8v213A6IZ1d1+FCvR\n3aqhzJEtJTtN4uO8ZKMlOIwroeGGHtImWIUHRggHgi4Nosv3df1XReCGMtTz4W2n\nor5c4COXlpQNJ5Rv4SeGzbGEenuqed5E4VPzIqAonm4Nlb1eRk2MPFLCOolO/RzO\n05N/NFVbAViS2P0IwnR35/Vz0XjQN++iGSEKIr+sWrwmJWdkhaC4VwtAVIQuO8uX\ngcSHaBn92S2lNNDIwQWwEDfKcenQgpJeImKjW2VDbBUtwpd7ZT2FXWToV78ldRg3\n7orkx+1LsrjMg94m++jx/xJhRwt2L9Qy3gelc9BKI1q8psxUk5VV84M5/XONK1B3\nprjiEsTGcFbijuEsHgQzhfsjjSn1Rie2MRIkYMJiJeLEi/fxdatE28UiWjCFPdNJ\naqputzpq5YLE+qrTckK5RNon0kTl/n89tDtJPe4Y3E0j2OtRQ8/eYa6eKuECAwEA\nAQKCAgEAs20vaKwZnZSErNt4iFdzMwIAcArr4L2QgUqnoBtE1OVqIywIouMdukf8\nLye02ZGnsyp8XzRt1vQO7z/TIPoNKHezYJQQZGcV45+jBz9bZ3YWBZgSHTcMmEy0\nlu06RUSw8+Vs6vu71kQxAf7G3LuR93D/hkP5k+1Qh5EOxEe54vDJdf1nl/HfDFFj\nmfqfvTl4+EP1JEMLQQWXrOH72OIu9I9csEg1g5GRRnJ5pYAai/IM1vKTN1NgBSsI\nWJJAMDEPWsM3LstgOcL7bbo1XwRcYdsw6Hc8NlD7f8xbcucOJW5q9VFGZlAHqA3d\ntN5xRX1kSbokJKh4rdGSkk39Bg4W6fxTZjVMrQYGsFxgFHmswQMxcr5NSplrdk5y\n+E3/sN1uAaO8PXW9V1HG8zpjV+5suX7HW7p7XrXqkd/unvmLdchrxueKozGCjTy0\nkFZC4uQdnbouTMqo1AS/sroZDjgyVFzb0BHjGq261hpFhbhbr7R8O/Ang1lgyoLX\n20pwRE4YNjDr1qPkIPSej02WT9JKhlgoMAB7sHWBJlxv6HlRfNowXij83Fc7AVDL\nA+Bh19CNTEZUdnEIE1YSx+/Rbn77mpQCPbIGnzKLWvK7PL3ozCN1ngM3jbe1Vrya\nAKrHdGTdqXEJ9pKiFBfm4mEOlqBWVHHXtU0Zz5FKkep8vR1Lw80CggEBAOLaFc2e\nMcfFWPhffEqUDC6RYOkGusse6zyearAKz/11zVeLGEcuNy0mKibnMoIGzeY1si2v\n/NER40XGdXTsq2iYKMWnvcYv+eFKCMUN4FV2ByPqE6D+iBSiJwvCi9ZS9I6AQG7n\nWjXQ1MuscSVQcDLSE/uYG5xvklQyhyMwz/3rVpdTMCxLwmygIY+13QIShy/SD7RR\nnJCrxIxtZYhTsMyiAdbQrAaRUVUmC2ro4t+ju2Wtj9wgPLLKJTQFzMXbJU6zPMAA\nzjJi0aZkQQhCafsjLMULXyu/p1k11a1VH3FSUNulcAyK8kdlwODEF07WF9rWO4HY\nlGjMhitsTQXhzAMCggEBANfKL/yJV0SOmwTFGyShBF8VuSTh38fhZndvICO5rLOH\nuK4/5xjtX4S9wLsYFTFjOI9o2hzgFXDOIgJ9Fx4mND32If73L2A+ERqRVRDG8wGo\nu6w/BjbEdXwHW2wurQkGb7nbvY/S1Xa2QjXLWgix6x6GNQMduL4s7K53FNqApyX2\n2QwGMUY6Ze6rvnJbb77Bt6AnlNxbztogpMhddWr0IMSFNczZOX+PN99d5qVKK3td\naXPBHAKaVxAqE1DXc4uMwthE2komHFLpZAe3OQy0iQmNcDZ6nr/bzJ6NJgb71rGq\n3ej/OfB3ZJrdRMzkWACXHP/SpxoNXbdMw9lcuOl1IksCggEATaIMrB1jM9aZqAYl\nZvBbauRdoeGnszOVlV0xbaWFoFvcNgVn/ZQXVeAltMKSSmVBuXLO00vS3Umd2Zcd\nQzJrRpQr/9hz3Ys1nJ/VeHpTN2v47ZWBuirhLw5/BktBx8sD3nCNnGaYPKqG6FzP\nK9HnU70JEaTwbgzQqvfPv39I7sDHFWpmpgIXO01hruiyBa+JjBf7P95eEjR2Qwh9\nIrZhXuZicr1e4bCBgP5QEfo5Cgfibd2DyfVOUHFVYgRKG7vvfItiUuLzrdKbpLHS\nf50a39Md0yEdJL+l6aW+xl7HL+TXvxNS0TgLydtMsp7oyxYBe+as3rbbszGrCNk7\nUrP/OQKCAQBCmamT1MO1ahoYL8l/1Z5mxmqdIoWRyFR6ujZ+MDlIM7RhO2HVBLY9\nXt9UH0uzMX9sa50d2l9jsIs4n2j6KipnkUbOzXW2y5E11PMfOXgY4/4AXHdLgfkM\nrayeyA0pwu3KvDJWaGjvubLXrYp9MoRxqFRGQO8a6vyloCU0hw6Png9BMcwVc8Kw\nFhuyadwkUN+es3izRjaihf61xHqP5wcSAFcpgUXIw+gnrXCZRToEWkFIs6o0d3Q1\njfbmNYj44hnk6+M/jWGiiVwRMZCPBk1hQGEIv3Gtn2YY7VF2SFXsAeN5nQRB3meT\nkIVCg5tRm1Ic9uQSG1v4Td4IgSClFTzfAoIBABi1xVU5QyBorLDG1LCbiX40uH1N\n2hU6EMSERpcOFImCg6KTsLTBimfB36M6tT6i/PKy+7TPcYgd7hsShIqbtqhHLh6t\nI0S+FnfWdXFKQUzsiqDTtdYHzLQs7PLBQPZ4X/Yw0Px9+5Abkj+sW5hNzuQFETLG\nySlTE1NIy4iIIWWWceFGM1ebbZhGvMrIlcTmTyT339C6I3NthMxaClsUJospnIUF\njSIQNcB4LdU5GC5ZVZnFuYVafSEE5jxtqRGRuaDyqpnD9OeNcq89rSc0c/kh44qS\nqmbbt/IaEKwYPST1+VXDwg4Y/kMlOcOOdi6gfTHLdnra6/IT+i3QJGCvnSY=\n-----END RSA PRIVATE KEY-----\n",
            "private_key_pem_pkcs8": "-----BEGIN PRIVATE KEY-----\nMIIJQgIBADANBgkqhkiG9w0BAQEFAASCCSwwggkoAgEAAoICAQC/OFLqtnzjCfrJ\nD/IYUd/ygBumgsHzMUYJZXva1COV4z8ojUoVVpRICurLaLxFJgaBhKZw/m01P2wD\nTvwrVTH0Cg6Yr50Oo44HrKtCOtVYg7R3XlfvWmOdz1sHi/E0/FmbBnoM/9lxXpVI\np6dLRZyGzu95ZthDqwtsMF3OEDx0/V/2kgR+RsHpGOo0Uh3yk01iQN9vKexGuTqP\n4u3XOE+5MJDea9pEJLy/bXcDohnV3X4UK9HdqqHMkS0lO03i47xkoyU4jCuh4YYe\n0iZYhQdGCAeCLg2iy/d1/VdF4IYy1PPhbaeivlzgI5eWlA0nlG/hJ4bNsYR6e6p5\n3kThU/MioCiebg2VvV5GTYw8UsI6iU79HM7Tk380VVsBWJLY/QjCdHfn9XPReNA3\n76IZIQoiv6xavCYlZ2SFoLhXC0BUhC47y5eBxIdoGf3ZLaU00MjBBbAQN8px6dCC\nkl4iYqNbZUNsFS3Cl3tlPYVdZOhXvyV1GDfuiuTH7UuyuMyD3ib76PH/EmFHC3Yv\n1DLeB6Vz0EojWrymzFSTlVXzgzn9c40rUHemuOISxMZwVuKO4SweBDOF+yONKfVG\nJ7YxEiRgwmIl4sSL9/F1q0TbxSJaMIU900lqqm63OmrlgsT6qtNyQrlE2ifSROX+\nfz20O0k97hjcTSPY61FDz95hrp4q4QIDAQABAoICAQCzbS9orBmdlISs23iIV3Mz\nAgBwCuvgvZCBSqegG0TU5WojLAii4x26R/wvJ7TZkaezKnxfNG3W9A7vP9Mg+g0o\nd7NglBBkZxXjn6MHP1tndhYFmBIdNwyYTLSW7TpFRLDz5Wzq+7vWRDEB/sbcu5H3\ncP+GQ/mT7VCHkQ7ER7ni8Ml1/WeX8d8MUWOZ+p+9OXj4Q/UkQwtBBZes4fvY4i70\nj1ywSDWDkZFGcnmlgBqL8gzW8pM3U2AFKwhYkkAwMQ9awzcuy2A5wvttujVfBFxh\n2zDodzw2UPt/zFty5w4lbmr1UUZmUAeoDd203nFFfWRJuiQkqHit0ZKSTf0GDhbp\n/FNmNUytBgawXGAUeazBAzFyvk1KmWt2TnL4Tf+w3W4Bo7w9db1XUcbzOmNX7my5\nfsdbunteteqR3+6e+Yt1yGvG54qjMYKNPLSQVkLi5B2dui5MyqjUBL+yuhkOODJU\nXNvQEeMarbrWGkWFuFuvtHw78CeDWWDKgtfbSnBEThg2MOvWo+Qg9J6PTZZP0kqG\nWCgwAHuwdYEmXG/oeVF82jBeKPzcVzsBUMsD4GHX0I1MRlR2cQgTVhLH79Fufvua\nlAI9sgafMota8rs8vejMI3WeAzeNt7VWvJoAqsd0ZN2pcQn2kqIUF+biYQ6WoFZU\ncde1TRnPkUqR6ny9HUvDzQKCAQEA4toVzZ4xx8VY+F98SpQMLpFg6Qa6yx7rPJ5q\nsArP/XXNV4sYRy43LSYqJucyggbN5jWyLa/80RHjRcZ1dOyraJgoxae9xi/54UoI\nxQ3gVXYHI+oToP6IFKInC8KL1lL0joBAbudaNdDUy6xxJVBwMtIT+5gbnG+SVDKH\nIzDP/etWl1MwLEvCbKAhj7XdAhKHL9IPtFGckKvEjG1liFOwzKIB1tCsBpFRVSYL\nauji36O7Za2P3CA8ssolNAXMxdslTrM8wADOMmLRpmRBCEJp+yMsxQtfK7+nWTXV\nrVUfcVJQ26VwDIryR2XA4MQXTtYX2tY7gdiUaMyGK2xNBeHMAwKCAQEA18ov/IlX\nRI6bBMUbJKEEXxW5JOHfx+Fmd28gI7mss4e4rj/nGO1fhL3AuxgVMWM4j2jaHOAV\ncM4iAn0XHiY0PfYh/vcvYD4RGpFVEMbzAai7rD8GNsR1fAdbbC6tCQZvudu9j9LV\ndrZCNctaCLHrHoY1Ax24vizsrncU2oCnJfbZDAYxRjpl7qu+cltvvsG3oCeU3FvO\n2iCkyF11avQgxIU1zNk5f483313mpUore11pc8EcAppXECoTUNdzi4zC2ETaSiYc\nUulkB7c5DLSJCY1wNnqev9vMno0mBvvWsard6P858Hdkmt1EzORYAJcc/9KnGg1d\nt0zD2Vy46XUiSwKCAQBNogysHWMz1pmoBiVm8Ftq5F2h4aezM5WVXTFtpYWgW9w2\nBWf9lBdV4CW0wpJKZUG5cs7TS9LdSZ3Zlx1DMmtGlCv/2HPdizWcn9V4elM3a/jt\nlYG6KuEvDn8GS0HHywPecI2cZpg8qoboXM8r0edTvQkRpPBuDNCq98+/f0juwMcV\namamAhc7TWGu6LIFr4mMF/s/3l4SNHZDCH0itmFe5mJyvV7hsIGA/lAR+jkKB+Jt\n3YPJ9U5QcVViBEobu+98i2JS4vOt0puksdJ/nRrf0x3TIR0kv6Xppb7GXscv5Ne/\nE1LROAvJ20yynujLFgF75qzettuzMasI2TtSs/85AoIBAEKZqZPUw7VqGhgvyX/V\nnmbGap0ihZHIVHq6Nn4wOUgztGE7YdUEtj1e31QfS7Mxf2xrnR3aX2OwizifaPoq\nKmeRRs7NdbbLkTXU8x85eBjj/gBcd0uB+QytrJ7IDSnC7cq8MlZoaO+5stetin0y\nhHGoVEZA7xrq/KWgJTSHDo+eD0ExzBVzwrAWG7Jp3CRQ356zeLNGNqKF/rXEeo/n\nBxIAVymBRcjD6CetcJlFOgRaQUizqjR3dDWN9uY1iPjiGeTr4z+NYaKJXBExkI8G\nTWFAYQi/ca2fZhjtUXZIVewB43mdBEHeZ5OQhUKDm1GbUhz25BIbW/hN3giBIKUV\nPN8CggEAGLXFVTlDIGissMbUsJuJfjS4fU3aFToQxIRGlw4UiYKDopOwtMGKZ8Hf\nozq1PqL88rL7tM9xiB3uGxKEipu2qEcuHq0jRL4Wd9Z1cUpBTOyKoNO11gfMtCzs\n8sFA9nhf9jDQ/H37kBuSP6xbmE3O5AURMsbJKVMTU0jLiIghZZZx4UYzV5ttmEa8\nysiVxOZPJPff0Lojc22EzFoKWxQmiymchQWNIhA1wHgt1TkYLllVmcW5hVp9IQTm\nPG2pEZG5oPKqmcP0541yrz2tJzRz+SHjipKqZtu38hoQrBg9JPX5VcPCDhj+QyU5\nw452LqB9Mct2etrr8hP6LdAkYK+dJg==\n-----END PRIVATE KEY-----\n",
            "public_key_fingerprint_md5": "e9:7a:51:56:8a:03:fe:6d:bf:36:d7:9e:10:53:af:ef",
            "public_key_fingerprint_sha256": "SHA256:zdVDkBQGh9AmIPBxfeJ5ePkXb5/+1pM6FFmGo0Ovzys",
            "public_key_openssh": "ssh-rsa AAAAB3NzaC1yc2EAAAADAQABAAACAQC/OFLqtnzjCfrJD/IYUd/ygBumgsHzMUYJZXva1COV4z8ojUoVVpRICurLaLxFJgaBhKZw/m01P2wDTvwrVTH0Cg6Yr50Oo44HrKtCOtVYg7R3XlfvWmOdz1sHi/E0/FmbBnoM/9lxXpVIp6dLRZyGzu95ZthDqwtsMF3OEDx0/V/2kgR+RsHpGOo0Uh3yk01iQN9vKexGuTqP4u3XOE+5MJDea9pEJLy/bXcDohnV3X4UK9HdqqHMkS0lO03i47xkoyU4jCuh4YYe0iZYhQdGCAeCLg2iy/d1/VdF4IYy1PPhbaeivlzgI5eWlA0nlG/hJ4bNsYR6e6p53kThU/MioCiebg2VvV5GTYw8UsI6iU79HM7Tk380VVsBWJLY/QjCdHfn9XPReNA376IZIQoiv6xavCYlZ2SFoLhXC0BUhC47y5eBxIdoGf3ZLaU00MjBBbAQN8px6dCCkl4iYqNbZUNsFS3Cl3tlPYVdZOhXvyV1GDfuiuTH7UuyuMyD3ib76PH/EmFHC3Yv1DLeB6Vz0EojWrymzFSTlVXzgzn9c40rUHemuOISxMZwVuKO4SweBDOF+yONKfVGJ7YxEiRgwmIl4sSL9/F1q0TbxSJaMIU900lqqm63OmrlgsT6qtNyQrlE2ifSROX+fz20O0k97hjcTSPY61FDz95hrp4q4Q==\n",
            "public_key_pem": "-----BEGIN PUBLIC KEY-----\nMIICIjANBgkqhkiG9w0BAQEFAAOCAg8AMIICCgKCAgEAvzhS6rZ84wn6yQ/yGFHf\n8oAbpoLB8zFGCWV72tQjleM/KI1KFVaUSArqy2i8RSYGgYSmcP5tNT9sA078K1Ux\n9AoOmK+dDqOOB6yrQjrVWIO0d15X71pjnc9bB4vxNPxZmwZ6DP/ZcV6VSKenS0Wc\nhs7veWbYQ6sLbDBdzhA8dP1f9pIEfkbB6RjqNFId8pNNYkDfbynsRrk6j+Lt1zhP\nuTCQ3mvaRCS8v213A6IZ1d1+FCvR3aqhzJEtJTtN4uO8ZKMlOIwroeGGHtImWIUH\nRggHgi4Nosv3df1XReCGMtTz4W2nor5c4COXlpQNJ5Rv4SeGzbGEenuqed5E4VPz\nIqAonm4Nlb1eRk2MPFLCOolO/RzO05N/NFVbAViS2P0IwnR35/Vz0XjQN++iGSEK\nIr+sWrwmJWdkhaC4VwtAVIQuO8uXgcSHaBn92S2lNNDIwQWwEDfKcenQgpJeImKj\nW2VDbBUtwpd7ZT2FXWToV78ldRg37orkx+1LsrjMg94m++jx/xJhRwt2L9Qy3gel\nc9BKI1q8psxUk5VV84M5/XONK1B3prjiEsTGcFbijuEsHgQzhfsjjSn1Rie2MRIk\nYMJiJeLEi/fxdatE28UiWjCFPdNJaqputzpq5YLE+qrTckK5RNon0kTl/n89tDtJ\nPe4Y3E0j2OtRQ8/eYa6eKuECAwEAAQ==\n-----END PUBLIC KEY-----\n",
            "rsa_bits": 4096
          },
          "sensitive_attributes": []
        }
      ]
    }
  ],
  "check_results": null
}
